
Microsoft Visual Studio Solution File, Format Version 12.00
# Visual Studio Version 17
VisualStudioVersion = 17.3.32929.385
MinimumVisualStudioVersion = 10.0.40219.1
Project("{FAE04EC0-301F-11D3-BF4B-00C04F79EFBC}") = "Personally Wrote Functions", "Personally Wrote Functions.csproj", "{87B23ADE-93BA-4FB5-9D58-E6E46532508C}"
EndProject
Global
	GlobalSection(SolutionConfigurationPlatforms) = preSolution
		Debug|Any CPU = Debug|Any CPU
		Release|Any CPU = Release|Any CPU
	EndGlobalSection
	GlobalSection(ProjectConfigurationPlatforms) = postSolution
		{87B23ADE-93BA-4FB5-9D58-E6E46532508C}.Debug|Any CPU.ActiveCfg = Debug|Any CPU
		{87B23ADE-93BA-4FB5-9D58-E6E46532508C}.Debug|Any CPU.Build.0 = Debug|Any CPU
		{87B23ADE-93BA-4FB5-9D58-E6E46532508C}.Release|Any CPU.ActiveCfg = Release|Any CPU
		{87B23ADE-93BA-4FB5-9D58-E6E46532508C}.Release|Any CPU.Build.0 = Release|Any CPU
	EndGlobalSection
	GlobalSection(SolutionProperties) = preSolution
		HideSolutionNode = FALSE
	EndGlobalSection
	GlobalSection(ExtensibilityGlobals) = postSolution
		SolutionGuid = {63AD6016-ED2C-4E18-9C92-441AE3BCF904}
	EndGlobalSection
EndGlobal
