
Microsoft Visual Studio Solution File, Format Version 12.00
# Visual Studio Version 17
VisualStudioVersion = 17.3.32929.385
MinimumVisualStudioVersion = 10.0.40219.1
Project("{FAE04EC0-301F-11D3-BF4B-00C04F79EFBC}") = "Debugging", "Debugging.csproj", "{87C86C64-2E6A-4299-A0DC-A5723776D160}"
EndProject
Global
	GlobalSection(SolutionConfigurationPlatforms) = preSolution
		Debug|Any CPU = Debug|Any CPU
		Release|Any CPU = Release|Any CPU
	EndGlobalSection
	GlobalSection(ProjectConfigurationPlatforms) = postSolution
		{87C86C64-2E6A-4299-A0DC-A5723776D160}.Debug|Any CPU.ActiveCfg = Debug|Any CPU
		{87C86C64-2E6A-4299-A0DC-A5723776D160}.Debug|Any CPU.Build.0 = Debug|Any CPU
		{87C86C64-2E6A-4299-A0DC-A5723776D160}.Release|Any CPU.ActiveCfg = Release|Any CPU
		{87C86C64-2E6A-4299-A0DC-A5723776D160}.Release|Any CPU.Build.0 = Release|Any CPU
	EndGlobalSection
	GlobalSection(SolutionProperties) = preSolution
		HideSolutionNode = FALSE
	EndGlobalSection
	GlobalSection(ExtensibilityGlobals) = postSolution
		SolutionGuid = {BD2A6F64-5064-4AD2-968E-D0CFC203914F}
	EndGlobalSection
EndGlobal
