
Microsoft Visual Studio Solution File, Format Version 12.00
# Visual Studio Version 17
VisualStudioVersion = 17.3.32929.385
MinimumVisualStudioVersion = 10.0.40219.1
Project("{FAE04EC0-301F-11D3-BF4B-00C04F79EFBC}") = "TryitOut Loops", "TryitOut Loops.csproj", "{055EDAE0-46B3-450C-9B4B-91EFDFC55E5A}"
EndProject
Global
	GlobalSection(SolutionConfigurationPlatforms) = preSolution
		Debug|Any CPU = Debug|Any CPU
		Release|Any CPU = Release|Any CPU
	EndGlobalSection
	GlobalSection(ProjectConfigurationPlatforms) = postSolution
		{055EDAE0-46B3-450C-9B4B-91EFDFC55E5A}.Debug|Any CPU.ActiveCfg = Debug|Any CPU
		{055EDAE0-46B3-450C-9B4B-91EFDFC55E5A}.Debug|Any CPU.Build.0 = Debug|Any CPU
		{055EDAE0-46B3-450C-9B4B-91EFDFC55E5A}.Release|Any CPU.ActiveCfg = Release|Any CPU
		{055EDAE0-46B3-450C-9B4B-91EFDFC55E5A}.Release|Any CPU.Build.0 = Release|Any CPU
	EndGlobalSection
	GlobalSection(SolutionProperties) = preSolution
		HideSolutionNode = FALSE
	EndGlobalSection
	GlobalSection(ExtensibilityGlobals) = postSolution
		SolutionGuid = {EB7DC1D3-E040-449D-B348-C2D2EA26D39C}
	EndGlobalSection
EndGlobal
