
Microsoft Visual Studio Solution File, Format Version 12.00
# Visual Studio Version 17
VisualStudioVersion = 17.3.32929.385
MinimumVisualStudioVersion = 10.0.40219.1
Project("{FAE04EC0-301F-11D3-BF4B-00C04F79EFBC}") = "Math Tutor Solved", "Math Tutor Solved.csproj", "{6D40C2CC-CB2F-4BD2-AD40-C40B94D1F6A8}"
EndProject
Global
	GlobalSection(SolutionConfigurationPlatforms) = preSolution
		Debug|Any CPU = Debug|Any CPU
		Release|Any CPU = Release|Any CPU
	EndGlobalSection
	GlobalSection(ProjectConfigurationPlatforms) = postSolution
		{6D40C2CC-CB2F-4BD2-AD40-C40B94D1F6A8}.Debug|Any CPU.ActiveCfg = Debug|Any CPU
		{6D40C2CC-CB2F-4BD2-AD40-C40B94D1F6A8}.Debug|Any CPU.Build.0 = Debug|Any CPU
		{6D40C2CC-CB2F-4BD2-AD40-C40B94D1F6A8}.Release|Any CPU.ActiveCfg = Release|Any CPU
		{6D40C2CC-CB2F-4BD2-AD40-C40B94D1F6A8}.Release|Any CPU.Build.0 = Release|Any CPU
	EndGlobalSection
	GlobalSection(SolutionProperties) = preSolution
		HideSolutionNode = FALSE
	EndGlobalSection
	GlobalSection(ExtensibilityGlobals) = postSolution
		SolutionGuid = {CA60C90D-03D6-42E3-84CD-B27DBDA763DB}
	EndGlobalSection
EndGlobal
